
Microsoft Visual Studio Solution File, Format Version 12.00
# Visual Studio Version 17
VisualStudioVersion = 17.5.002.0
MinimumVisualStudioVersion = 10.0.40219.1
Project("{9A19103F-16F7-4668-BE54-9A1E7A4F7556}") = "Tarea9.web", "Tarea9.web.csproj", "{3C551BE0-AB79-4CC7-A076-ED493DDB549F}"
EndProject
Global
	GlobalSection(SolutionConfigurationPlatforms) = preSolution
		Debug|Any CPU = Debug|Any CPU
		Release|Any CPU = Release|Any CPU
	EndGlobalSection
	GlobalSection(ProjectConfigurationPlatforms) = postSolution
		{3C551BE0-AB79-4CC7-A076-ED493DDB549F}.Debug|Any CPU.ActiveCfg = Debug|Any CPU
		{3C551BE0-AB79-4CC7-A076-ED493DDB549F}.Debug|Any CPU.Build.0 = Debug|Any CPU
		{3C551BE0-AB79-4CC7-A076-ED493DDB549F}.Release|Any CPU.ActiveCfg = Release|Any CPU
		{3C551BE0-AB79-4CC7-A076-ED493DDB549F}.Release|Any CPU.Build.0 = Release|Any CPU
	EndGlobalSection
	GlobalSection(SolutionProperties) = preSolution
		HideSolutionNode = FALSE
	EndGlobalSection
	GlobalSection(ExtensibilityGlobals) = postSolution
		SolutionGuid = {F6B2153C-CEDF-4A7E-9A5B-D09E9B4DE8BB}
	EndGlobalSection
EndGlobal
