
Microsoft Visual Studio Solution File, Format Version 12.00
# Visual Studio Version 17
VisualStudioVersion = 17.11.35327.3
MinimumVisualStudioVersion = 10.0.40219.1
Project("{9A19103F-16F7-4668-BE54-9A1E7A4F7556}") = "tarea_7", "tarea_7.csproj", "{EFDC5C48-FE75-445A-BA1D-CAC7BD078DA2}"
EndProject
Global
	GlobalSection(SolutionConfigurationPlatforms) = preSolution
		Debug|Any CPU = Debug|Any CPU
		Release|Any CPU = Release|Any CPU
	EndGlobalSection
	GlobalSection(ProjectConfigurationPlatforms) = postSolution
		{EFDC5C48-FE75-445A-BA1D-CAC7BD078DA2}.Debug|Any CPU.ActiveCfg = Debug|Any CPU
		{EFDC5C48-FE75-445A-BA1D-CAC7BD078DA2}.Debug|Any CPU.Build.0 = Debug|Any CPU
		{EFDC5C48-FE75-445A-BA1D-CAC7BD078DA2}.Release|Any CPU.ActiveCfg = Release|Any CPU
		{EFDC5C48-FE75-445A-BA1D-CAC7BD078DA2}.Release|Any CPU.Build.0 = Release|Any CPU
	EndGlobalSection
	GlobalSection(SolutionProperties) = preSolution
		HideSolutionNode = FALSE
	EndGlobalSection
	GlobalSection(ExtensibilityGlobals) = postSolution
		SolutionGuid = {8957478D-B16C-49E8-8F98-147705600F92}
	EndGlobalSection
EndGlobal
