
Microsoft Visual Studio Solution File, Format Version 12.00
# Visual Studio Version 17
VisualStudioVersion = 17.11.35327.3
MinimumVisualStudioVersion = 10.0.40219.1
Project("{FAE04EC0-301F-11D3-BF4B-00C04F79EFBC}") = "Tarea10", "Tarea10\Tarea10.csproj", "{FE6B767E-FA4D-4D99-A5D8-F11819E6EB75}"
EndProject
Global
	GlobalSection(SolutionConfigurationPlatforms) = preSolution
		Debug|Any CPU = Debug|Any CPU
		Release|Any CPU = Release|Any CPU
	EndGlobalSection
	GlobalSection(ProjectConfigurationPlatforms) = postSolution
		{FE6B767E-FA4D-4D99-A5D8-F11819E6EB75}.Debug|Any CPU.ActiveCfg = Debug|Any CPU
		{FE6B767E-FA4D-4D99-A5D8-F11819E6EB75}.Debug|Any CPU.Build.0 = Debug|Any CPU
		{FE6B767E-FA4D-4D99-A5D8-F11819E6EB75}.Release|Any CPU.ActiveCfg = Release|Any CPU
		{FE6B767E-FA4D-4D99-A5D8-F11819E6EB75}.Release|Any CPU.Build.0 = Release|Any CPU
	EndGlobalSection
	GlobalSection(SolutionProperties) = preSolution
		HideSolutionNode = FALSE
	EndGlobalSection
	GlobalSection(ExtensibilityGlobals) = postSolution
		SolutionGuid = {ECA4ED70-3129-419C-B0EE-999B46146380}
	EndGlobalSection
EndGlobal
