
Microsoft Visual Studio Solution File, Format Version 12.00
# Visual Studio Version 17
VisualStudioVersion = 17.5.002.0
MinimumVisualStudioVersion = 10.0.40219.1
Project("{9A19103F-16F7-4668-BE54-9A1E7A4F7556}") = "tarea4", "tarea4.csproj", "{9A87BD30-556B-4408-952B-D639AC2A7167}"
EndProject
Global
	GlobalSection(SolutionConfigurationPlatforms) = preSolution
		Debug|Any CPU = Debug|Any CPU
		Release|Any CPU = Release|Any CPU
	EndGlobalSection
	GlobalSection(ProjectConfigurationPlatforms) = postSolution
		{9A87BD30-556B-4408-952B-D639AC2A7167}.Debug|Any CPU.ActiveCfg = Debug|Any CPU
		{9A87BD30-556B-4408-952B-D639AC2A7167}.Debug|Any CPU.Build.0 = Debug|Any CPU
		{9A87BD30-556B-4408-952B-D639AC2A7167}.Release|Any CPU.ActiveCfg = Release|Any CPU
		{9A87BD30-556B-4408-952B-D639AC2A7167}.Release|Any CPU.Build.0 = Release|Any CPU
	EndGlobalSection
	GlobalSection(SolutionProperties) = preSolution
		HideSolutionNode = FALSE
	EndGlobalSection
	GlobalSection(ExtensibilityGlobals) = postSolution
		SolutionGuid = {3989C3AE-C6EA-49EC-8E2B-9CEF7D6D32AC}
	EndGlobalSection
EndGlobal
